<?xml version="1.0" encoding="utf-8"?>
<Project ToolsVersion="4.0" xmlns="http://schemas.microsoft.com/developer/msbuild/2003">
  <ItemGroup>
    <ClCompile Include="main.cpp">
      <Filter>src</Filter>
    </ClCompile>
    <ClCompile Include="SM_MainWindow.cpp">
      <Filter>src</Filter>
    </ClCompile>
    <ClCompile Include="TimelineFrame.cpp">
      <Filter>src</Filter>
    </ClCompile>
    <ClCompile Include="WaveformWidget.cpp">
      <Filter>src</Filter>
    </ClCompile>
    <ClCompile Include="Audio_player.cpp">
      <Filter>src</Filter>
    </ClCompile>
    <ClCompile Include="ProcessThread.cpp">
      <Filter>src</Filter>
    </ClCompile>
    <ClCompile Include="FocusedFile.cpp">
      <Filter>src</Filter>
    </ClCompile>
    <ClCompile Include="SM_MainWindow_UI.cpp">
      <Filter>src</Filter>
    </ClCompile>
  </ItemGroup>
  <ItemGroup>
    <QtRcc Include="SubMerge.qrc" />
  </ItemGroup>
  <ItemGroup>
    <QtUic Include="SubMerge.ui" />
  </ItemGroup>
  <ItemGroup>
    <Filter Include="src">
      <UniqueIdentifier>{d0c88724-8437-4e3e-8c15-f7f9afccb564}</UniqueIdentifier>
    </Filter>
    <Filter Include="thirdparty">
      <UniqueIdentifier>{688c2760-2d97-4e69-995d-e806454d8852}</UniqueIdentifier>
    </Filter>
  </ItemGroup>
  <ItemGroup>
    <QtMoc Include="SM_MainWindow.h">
      <Filter>src</Filter>
    </QtMoc>
    <QtMoc Include="TimelineFrame.h">
      <Filter>src</Filter>
    </QtMoc>
    <QtMoc Include="WaveformWidget.h">
      <Filter>src</Filter>
    </QtMoc>
    <QtMoc Include="Audio_player.h">
      <Filter>src</Filter>
    </QtMoc>
    <QtMoc Include="ProcessThread.h">
      <Filter>src</Filter>
    </QtMoc>
    <QtMoc Include="FocusedFile.h">
      <Filter>src</Filter>
    </QtMoc>
  </ItemGroup>
  <ItemGroup>
    <ResourceCompile Include="Sub-Merge.rc" />
  </ItemGroup>
  <ItemGroup>
    <ClInclude Include="DebugMacro.h">
      <Filter>src</Filter>
    </ClInclude>
    <ClInclude Include="SM_MainWindow_UI.h">
      <Filter>src</Filter>
    </ClInclude>
  </ItemGroup>
</Project>