<?xml version="1.0" encoding="utf-8"?>
<Project ToolsVersion="4.0" xmlns="http://schemas.microsoft.com/developer/msbuild/2003">
  <ItemGroup>
    <ClCompile Include="main.cpp">
      <Filter>src</Filter>
    </ClCompile>
    <ClCompile Include="SM_MainWindow.cpp">
      <Filter>src</Filter>
    </ClCompile>
  </ItemGroup>
  <ItemGroup>
    <QtRcc Include="SubMerge.qrc" />
  </ItemGroup>
  <ItemGroup>
    <QtUic Include="SubMerge.ui" />
  </ItemGroup>
  <ItemGroup>
    <Filter Include="src">
      <UniqueIdentifier>{d0c88724-8437-4e3e-8c15-f7f9afccb564}</UniqueIdentifier>
    </Filter>
  </ItemGroup>
  <ItemGroup>
    <QtMoc Include="SM_MainWindow.h">
      <Filter>src</Filter>
    </QtMoc>
  </ItemGroup>
</Project>