
Microsoft Visual Studio Solution File, Format Version 12.00
# Visual Studio Version 17
VisualStudioVersion = 17.2.32616.157
MinimumVisualStudioVersion = 10.0.40219.1
Project("{8BC9CEB8-8B4A-11D0-8D11-00A0C91BC942}") = "Sub-Merge", "Sub-Merge\Sub-Merge.vcxproj", "{003A501F-B0CE-4F10-9849-11D82A6B2602}"
EndProject
Global
	GlobalSection(SolutionConfigurationPlatforms) = preSolution
		Debug|x64 = Debug|x64
		Release|x64 = Release|x64
	EndGlobalSection
	GlobalSection(ProjectConfigurationPlatforms) = postSolution
		{003A501F-B0CE-4F10-9849-11D82A6B2602}.Debug|x64.ActiveCfg = Debug|x64
		{003A501F-B0CE-4F10-9849-11D82A6B2602}.Debug|x64.Build.0 = Debug|x64
		{003A501F-B0CE-4F10-9849-11D82A6B2602}.Release|x64.ActiveCfg = Release|x64
		{003A501F-B0CE-4F10-9849-11D82A6B2602}.Release|x64.Build.0 = Release|x64
	EndGlobalSection
	GlobalSection(SolutionProperties) = preSolution
		HideSolutionNode = FALSE
	EndGlobalSection
	GlobalSection(ExtensibilityGlobals) = postSolution
		SolutionGuid = {DA3B7ABD-3E89-496D-82D7-7F8C51C297CF}
	EndGlobalSection
EndGlobal
